// !$*UTF8*$!
{
	archiveVersion = 1;
	classes = {
	};
	objectVersion = 55;
	objects = {

/* Begin PBXBuildFile section */
		C60B4D2627AEAAC300F2C117 /* BottomSheetTransitionDelegate.swift in Sources */ = {isa = PBXBuildFile; fileRef = C60B4D2527AEAAC300F2C117 /* BottomSheetTransitionDelegate.swift */; };
		C60B4D2827AEAB3200F2C117 /* BottomSheetPresentationController.swift in Sources */ = {isa = PBXBuildFile; fileRef = C60B4D2727AEAB3200F2C117 /* BottomSheetPresentationController.swift */; };
		C6813B6E27DE404B00E876A9 /* UIControlMulticastDelegate.m in Sources */ = {isa = PBXBuildFile; fileRef = C6813B6B27DE404B00E876A9 /* UIControlMulticastDelegate.m */; };
		DF0B9D3927B1812D005836D8 /* MultiplePhotosAnnotationView.swift in Sources */ = {isa = PBXBuildFile; fileRef = DF0B9D3827B1812D005836D8 /* MultiplePhotosAnnotationView.swift */; };
		DF0BDEF427AACE33002CCF07 /* AppDelegate.swift in Sources */ = {isa = PBXBuildFile; fileRef = DF0BDEF327AACE33002CCF07 /* AppDelegate.swift */; };
		DF0BDEF627AACE33002CCF07 /* SceneDelegate.swift in Sources */ = {isa = PBXBuildFile; fileRef = DF0BDEF527AACE33002CCF07 /* SceneDelegate.swift */; };
		DF0BDEF827AACE33002CCF07 /* MapController.swift in Sources */ = {isa = PBXBuildFile; fileRef = DF0BDEF727AACE33002CCF07 /* MapController.swift */; };
		DF0BDEFB27AACE33002CCF07 /* Main.storyboard in Resources */ = {isa = PBXBuildFile; fileRef = DF0BDEF927AACE33002CCF07 /* Main.storyboard */; };
		DF0BDEFD27AACE38002CCF07 /* Assets.xcassets in Resources */ = {isa = PBXBuildFile; fileRef = DF0BDEFC27AACE38002CCF07 /* Assets.xcassets */; };
		DF0BDF0027AACE38002CCF07 /* LaunchScreen.storyboard in Resources */ = {isa = PBXBuildFile; fileRef = DF0BDEFE27AACE38002CCF07 /* LaunchScreen.storyboard */; };
		DF1C971B27D5782A00B79C72 /* RoundButton.swift in Sources */ = {isa = PBXBuildFile; fileRef = DF1C971A27D5782A00B79C72 /* RoundButton.swift */; };
		DF2A41E927AC78C700E21BDC /* PhotoAnnotationView.swift in Sources */ = {isa = PBXBuildFile; fileRef = DF2A41E827AC78C700E21BDC /* PhotoAnnotationView.swift */; };
		DF2A41EB27AC7A9000E21BDC /* ClusterAnnotationView.swift in Sources */ = {isa = PBXBuildFile; fileRef = DF2A41EA27AC7A9000E21BDC /* ClusterAnnotationView.swift */; };
		DF37377E27BA826000DAB3CC /* PreviewCell.swift in Sources */ = {isa = PBXBuildFile; fileRef = DF37377D27BA826000DAB3CC /* PreviewCell.swift */; };
		DF37378027BA82F000DAB3CC /* NearbyListController.swift in Sources */ = {isa = PBXBuildFile; fileRef = DF37377F27BA82F000DAB3CC /* NearbyListController.swift */; };
		DF37378327BA8AB800DAB3CC /* MapObserver.swift in Sources */ = {isa = PBXBuildFile; fileRef = DF37378227BA8AB800DAB3CC /* MapObserver.swift */; };
		DF37378527BA8FBE00DAB3CC /* MapWithObservers.swift in Sources */ = {isa = PBXBuildFile; fileRef = DF37378427BA8FBE00DAB3CC /* MapWithObservers.swift */; };
		DF38B2E9280B8AFD00C963BD /* MapLinks.swift in Sources */ = {isa = PBXBuildFile; fileRef = DF38B2E8280B8AFD00C963BD /* MapLinks.swift */; };
		DF571C8E27AEC1650070C624 /* AnnotationProvider.swift in Sources */ = {isa = PBXBuildFile; fileRef = DF571C8D27AEC1650070C624 /* AnnotationProvider.swift */; };
		DF58EC9827C6DEC600793CAE /* BottomNavigationController.swift in Sources */ = {isa = PBXBuildFile; fileRef = DF58EC9727C6DEC600793CAE /* BottomNavigationController.swift */; };
		DF58EC9B27C6E5EC00793CAE /* BottomTransitionAnimator.swift in Sources */ = {isa = PBXBuildFile; fileRef = DF58EC9A27C6E5EC00793CAE /* BottomTransitionAnimator.swift */; };
		DF58EC9E27C767FB00793CAE /* BottomTransitionCoordinator.swift in Sources */ = {isa = PBXBuildFile; fileRef = DF58EC9D27C767FB00793CAE /* BottomTransitionCoordinator.swift */; };
		DF6A4F5027C3FBC700BBFE69 /* DetailedPhoto.swift in Sources */ = {isa = PBXBuildFile; fileRef = DF6A4F4F27C3FBC700BBFE69 /* DetailedPhoto.swift */; };
		DF6A4F5227C4469600BBFE69 /* PhotoSource.swift in Sources */ = {isa = PBXBuildFile; fileRef = DF6A4F5127C4469600BBFE69 /* PhotoSource.swift */; };
		DF6A4F5427C446B100BBFE69 /* NetworkDetailedPhoto.swift in Sources */ = {isa = PBXBuildFile; fileRef = DF6A4F5327C446B100BBFE69 /* NetworkDetailedPhoto.swift */; };
		DF6A4F5727C52F1200BBFE69 /* PhotoDetailsProvider.swift in Sources */ = {isa = PBXBuildFile; fileRef = DF6A4F5627C52F1200BBFE69 /* PhotoDetailsProvider.swift */; };
		DF6A4F5927C5970300BBFE69 /* SquishyButton.swift in Sources */ = {isa = PBXBuildFile; fileRef = DF6A4F5827C5970300BBFE69 /* SquishyButton.swift */; };
		DF6A4F5B27C5972C00BBFE69 /* LikeButton.swift in Sources */ = {isa = PBXBuildFile; fileRef = DF6A4F5A27C5972C00BBFE69 /* LikeButton.swift */; };
		DF6A4F5F27C5979400BBFE69 /* PhotoDetailsFactory.swift in Sources */ = {isa = PBXBuildFile; fileRef = DF6A4F5E27C5979400BBFE69 /* PhotoDetailsFactory.swift */; };
		DF6A4F6127C597D400BBFE69 /* PhotoDetailsController.swift in Sources */ = {isa = PBXBuildFile; fileRef = DF6A4F6027C597D400BBFE69 /* PhotoDetailsController.swift */; };
		DF7C3F4F27DBFEFD00345074 /* PhotoZoomController.swift in Sources */ = {isa = PBXBuildFile; fileRef = DF7C3F4E27DBFEFD00345074 /* PhotoZoomController.swift */; };
		DF7C3F5327DC07A700345074 /* ZoomableImageView.swift in Sources */ = {isa = PBXBuildFile; fileRef = DF7C3F5227DC07A700345074 /* ZoomableImageView.swift */; };
		DF94BCC427ADC697008D3D5C /* Zoom.swift in Sources */ = {isa = PBXBuildFile; fileRef = DF94BCC327ADC697008D3D5C /* Zoom.swift */; };
		DF9AF53E27B092C80047149F /* YearSelector.swift in Sources */ = {isa = PBXBuildFile; fileRef = DF9AF53D27B092C80047149F /* YearSelector.swift */; };
		DF9AF54027B092E70047149F /* ThumbView.swift in Sources */ = {isa = PBXBuildFile; fileRef = DF9AF53F27B092E70047149F /* ThumbView.swift */; };
		DFA21CE127C854C800BA14E8 /* ActionButton.swift in Sources */ = {isa = PBXBuildFile; fileRef = DFA21CE027C854C700BA14E8 /* ActionButton.swift */; };
		DFA21CE427C8631B00BA14E8 /* LoadingImageView.swift in Sources */ = {isa = PBXBuildFile; fileRef = DFA21CE327C8631B00BA14E8 /* LoadingImageView.swift */; };
		DFB4CD9B2814B4100016EB80 /* ClusterListController.swift in Sources */ = {isa = PBXBuildFile; fileRef = DFB4CD9A2814B4100016EB80 /* ClusterListController.swift */; };
		DFB4CD9D2814B4D20016EB80 /* PhotoListFactory.swift in Sources */ = {isa = PBXBuildFile; fileRef = DFB4CD9C2814B4D20016EB80 /* PhotoListFactory.swift */; };
		DFCF0EEB27AAD5CF00A0D10B /* NetworkPhoto.swift in Sources */ = {isa = PBXBuildFile; fileRef = DFCF0EEA27AAD5CF00A0D10B /* NetworkPhoto.swift */; };
		DFCF0EED27AAD5EA00A0D10B /* Request.swift in Sources */ = {isa = PBXBuildFile; fileRef = DFCF0EEC27AAD5EA00A0D10B /* Request.swift */; };
		DFCF0EEF27AAD61600A0D10B /* NetworkService.swift in Sources */ = {isa = PBXBuildFile; fileRef = DFCF0EEE27AAD61600A0D10B /* NetworkService.swift */; };
		DFCF0EF127AAD65F00A0D10B /* NetworkError.swift in Sources */ = {isa = PBXBuildFile; fileRef = DFCF0EF027AAD65F00A0D10B /* NetworkError.swift */; };
		DFCF0EF327AAD7CD00A0D10B /* NetworkCluster.swift in Sources */ = {isa = PBXBuildFile; fileRef = DFCF0EF227AAD7CD00A0D10B /* NetworkCluster.swift */; };
		DFCF0EF527AAE16600A0D10B /* Photo.swift in Sources */ = {isa = PBXBuildFile; fileRef = DFCF0EF427AAE16600A0D10B /* Photo.swift */; };
		DFCF0EF827AAE29D00A0D10B /* Direction.swift in Sources */ = {isa = PBXBuildFile; fileRef = DFCF0EF727AAE29D00A0D10B /* Direction.swift */; };
		DFCF0EFB27AAE59100A0D10B /* Colors and gradients.swift in Sources */ = {isa = PBXBuildFile; fileRef = DFCF0EFA27AAE59100A0D10B /* Colors and gradients.swift */; };
		DFCF0EFD27AAE81C00A0D10B /* Cluster.swift in Sources */ = {isa = PBXBuildFile; fileRef = DFCF0EFC27AAE81C00A0D10B /* Cluster.swift */; };
		DFD7A21A27B86AE80064A0F4 /* ImageFetcher.swift in Sources */ = {isa = PBXBuildFile; fileRef = DFD7A21927B86AE80064A0F4 /* ImageFetcher.swift */; };
		DFD7A21D27B86ED30064A0F4 /* ImageQuality.swift in Sources */ = {isa = PBXBuildFile; fileRef = DFD7A21C27B86ED30064A0F4 /* ImageQuality.swift */; };
		DFD7A21F27B94E4C0064A0F4 /* ImageFetchingOperation.swift in Sources */ = {isa = PBXBuildFile; fileRef = DFD7A21E27B94E4C0064A0F4 /* ImageFetchingOperation.swift */; };
		DFE046102800136B0005AB2D /* CameraManager.swift in Sources */ = {isa = PBXBuildFile; fileRef = DFE0460F2800136B0005AB2D /* CameraManager.swift */; };
		DFE046122800139E0005AB2D /* CameraProtocols.swift in Sources */ = {isa = PBXBuildFile; fileRef = DFE046112800139E0005AB2D /* CameraProtocols.swift */; };
		DFE04614280013D40005AB2D /* CompareState.swift in Sources */ = {isa = PBXBuildFile; fileRef = DFE04613280013D40005AB2D /* CompareState.swift */; };
		DFE04616280014540005AB2D /* CameraPreview.swift in Sources */ = {isa = PBXBuildFile; fileRef = DFE04615280014540005AB2D /* CameraPreview.swift */; };
		DFE04618280014900005AB2D /* RotatingContainer.swift in Sources */ = {isa = PBXBuildFile; fileRef = DFE04617280014900005AB2D /* RotatingContainer.swift */; };
		DFE0461A280015430005AB2D /* CameraTakeButton.swift in Sources */ = {isa = PBXBuildFile; fileRef = DFE04619280015430005AB2D /* CameraTakeButton.swift */; };
		DFE0461C2800166A0005AB2D /* Menlo.ttc in Resources */ = {isa = PBXBuildFile; fileRef = DFE0461B2800166A0005AB2D /* Menlo.ttc */; };
		DFE0461F280017DB0005AB2D /* CameraViewFactory.swift in Sources */ = {isa = PBXBuildFile; fileRef = DFE0461E280017DB0005AB2D /* CameraViewFactory.swift */; };
		DFE046212800194F0005AB2D /* CompareCameraController.swift in Sources */ = {isa = PBXBuildFile; fileRef = DFE046202800194F0005AB2D /* CompareCameraController.swift */; };
		DFE04623280019CE0005AB2D /* CompareContent.swift in Sources */ = {isa = PBXBuildFile; fileRef = DFE04622280019CE0005AB2D /* CompareContent.swift */; };
		DFE0462528001A550005AB2D /* CameraControls.swift in Sources */ = {isa = PBXBuildFile; fileRef = DFE0462428001A550005AB2D /* CameraControls.swift */; };
		DFE4A5A027DD602C007918F1 /* LocationProvider.swift in Sources */ = {isa = PBXBuildFile; fileRef = DFE4A59F27DD602C007918F1 /* LocationProvider.swift */; };
		DFED9876280566B90019235A /* PhotoPlenka.xcdatamodeld in Sources */ = {isa = PBXBuildFile; fileRef = DFED9874280566B90019235A /* PhotoPlenka.xcdatamodeld */; };
		DFED9878280574410019235A /* FavouritesProvider.swift in Sources */ = {isa = PBXBuildFile; fileRef = DFED9877280574410019235A /* FavouritesProvider.swift */; };
		DFED987A28058BAC0019235A /* PhotoListController.swift in Sources */ = {isa = PBXBuildFile; fileRef = DFED987928058BAC0019235A /* PhotoListController.swift */; };
/* End PBXBuildFile section */

/* Begin PBXFileReference section */
		C60B4D2527AEAAC300F2C117 /* BottomSheetTransitionDelegate.swift */ = {isa = PBXFileReference; lastKnownFileType = sourcecode.swift; path = BottomSheetTransitionDelegate.swift; sourceTree = "<group>"; };
		C60B4D2727AEAB3200F2C117 /* BottomSheetPresentationController.swift */ = {isa = PBXFileReference; lastKnownFileType = sourcecode.swift; path = BottomSheetPresentationController.swift; sourceTree = "<group>"; };
		C6813B6A27DE404B00E876A9 /* PhotoPlenka-Bridging-Header.h */ = {isa = PBXFileReference; lastKnownFileType = sourcecode.c.h; path = "PhotoPlenka-Bridging-Header.h"; sourceTree = "<group>"; };
		C6813B6B27DE404B00E876A9 /* UIControlMulticastDelegate.m */ = {isa = PBXFileReference; fileEncoding = 4; lastKnownFileType = sourcecode.c.objc; name = UIControlMulticastDelegate.m; path = PhotoPlenka/MulticastDelegate/UIControlMulticastDelegate.m; sourceTree = SOURCE_ROOT; };
		C6813B6D27DE404B00E876A9 /* UIControlMulticastDelegate.h */ = {isa = PBXFileReference; fileEncoding = 4; lastKnownFileType = sourcecode.c.h; name = UIControlMulticastDelegate.h; path = PhotoPlenka/MulticastDelegate/UIControlMulticastDelegate.h; sourceTree = SOURCE_ROOT; };
		DF0B9D3827B1812D005836D8 /* MultiplePhotosAnnotationView.swift */ = {isa = PBXFileReference; lastKnownFileType = sourcecode.swift; path = MultiplePhotosAnnotationView.swift; sourceTree = "<group>"; };
		DF0BDEF027AACE33002CCF07 /* PhotoPlenka.app */ = {isa = PBXFileReference; explicitFileType = wrapper.application; includeInIndex = 0; path = PhotoPlenka.app; sourceTree = BUILT_PRODUCTS_DIR; };
		DF0BDEF327AACE33002CCF07 /* AppDelegate.swift */ = {isa = PBXFileReference; lastKnownFileType = sourcecode.swift; path = AppDelegate.swift; sourceTree = "<group>"; };
		DF0BDEF527AACE33002CCF07 /* SceneDelegate.swift */ = {isa = PBXFileReference; lastKnownFileType = sourcecode.swift; path = SceneDelegate.swift; sourceTree = "<group>"; };
		DF0BDEF727AACE33002CCF07 /* MapController.swift */ = {isa = PBXFileReference; lastKnownFileType = sourcecode.swift; path = MapController.swift; sourceTree = "<group>"; };
		DF0BDEFA27AACE33002CCF07 /* Base */ = {isa = PBXFileReference; lastKnownFileType = file.storyboard; name = Base; path = Base.lproj/Main.storyboard; sourceTree = "<group>"; };
		DF0BDEFC27AACE38002CCF07 /* Assets.xcassets */ = {isa = PBXFileReference; lastKnownFileType = folder.assetcatalog; path = Assets.xcassets; sourceTree = "<group>"; };
		DF0BDEFF27AACE38002CCF07 /* Base */ = {isa = PBXFileReference; lastKnownFileType = file.storyboard; name = Base; path = Base.lproj/LaunchScreen.storyboard; sourceTree = "<group>"; };
		DF0BDF0127AACE38002CCF07 /* Info.plist */ = {isa = PBXFileReference; lastKnownFileType = text.plist.xml; path = Info.plist; sourceTree = "<group>"; };
		DF1C971A27D5782A00B79C72 /* RoundButton.swift */ = {isa = PBXFileReference; lastKnownFileType = sourcecode.swift; path = RoundButton.swift; sourceTree = "<group>"; };
		DF2A41E827AC78C700E21BDC /* PhotoAnnotationView.swift */ = {isa = PBXFileReference; lastKnownFileType = sourcecode.swift; path = PhotoAnnotationView.swift; sourceTree = "<group>"; };
		DF2A41EA27AC7A9000E21BDC /* ClusterAnnotationView.swift */ = {isa = PBXFileReference; lastKnownFileType = sourcecode.swift; path = ClusterAnnotationView.swift; sourceTree = "<group>"; };
		DF37377D27BA826000DAB3CC /* PreviewCell.swift */ = {isa = PBXFileReference; lastKnownFileType = sourcecode.swift; path = PreviewCell.swift; sourceTree = "<group>"; };
		DF37377F27BA82F000DAB3CC /* NearbyListController.swift */ = {isa = PBXFileReference; lastKnownFileType = sourcecode.swift; path = NearbyListController.swift; sourceTree = "<group>"; };
		DF37378227BA8AB800DAB3CC /* MapObserver.swift */ = {isa = PBXFileReference; lastKnownFileType = sourcecode.swift; path = MapObserver.swift; sourceTree = "<group>"; };
		DF37378427BA8FBE00DAB3CC /* MapWithObservers.swift */ = {isa = PBXFileReference; lastKnownFileType = sourcecode.swift; path = MapWithObservers.swift; sourceTree = "<group>"; };
		DF38B2E8280B8AFD00C963BD /* MapLinks.swift */ = {isa = PBXFileReference; lastKnownFileType = sourcecode.swift; path = MapLinks.swift; sourceTree = "<group>"; };
		DF571C8D27AEC1650070C624 /* AnnotationProvider.swift */ = {isa = PBXFileReference; lastKnownFileType = sourcecode.swift; path = AnnotationProvider.swift; sourceTree = "<group>"; };
		DF58EC9727C6DEC600793CAE /* BottomNavigationController.swift */ = {isa = PBXFileReference; lastKnownFileType = sourcecode.swift; path = BottomNavigationController.swift; sourceTree = "<group>"; };
		DF58EC9A27C6E5EC00793CAE /* BottomTransitionAnimator.swift */ = {isa = PBXFileReference; lastKnownFileType = sourcecode.swift; path = BottomTransitionAnimator.swift; sourceTree = "<group>"; };
		DF58EC9D27C767FB00793CAE /* BottomTransitionCoordinator.swift */ = {isa = PBXFileReference; lastKnownFileType = sourcecode.swift; path = BottomTransitionCoordinator.swift; sourceTree = "<group>"; };
		DF6A4F4F27C3FBC700BBFE69 /* DetailedPhoto.swift */ = {isa = PBXFileReference; lastKnownFileType = sourcecode.swift; path = DetailedPhoto.swift; sourceTree = "<group>"; };
		DF6A4F5127C4469600BBFE69 /* PhotoSource.swift */ = {isa = PBXFileReference; lastKnownFileType = sourcecode.swift; path = PhotoSource.swift; sourceTree = "<group>"; };
		DF6A4F5327C446B100BBFE69 /* NetworkDetailedPhoto.swift */ = {isa = PBXFileReference; lastKnownFileType = sourcecode.swift; path = NetworkDetailedPhoto.swift; sourceTree = "<group>"; };
		DF6A4F5627C52F1200BBFE69 /* PhotoDetailsProvider.swift */ = {isa = PBXFileReference; lastKnownFileType = sourcecode.swift; path = PhotoDetailsProvider.swift; sourceTree = "<group>"; };
		DF6A4F5827C5970300BBFE69 /* SquishyButton.swift */ = {isa = PBXFileReference; lastKnownFileType = sourcecode.swift; path = SquishyButton.swift; sourceTree = "<group>"; };
		DF6A4F5A27C5972C00BBFE69 /* LikeButton.swift */ = {isa = PBXFileReference; lastKnownFileType = sourcecode.swift; path = LikeButton.swift; sourceTree = "<group>"; };
		DF6A4F5E27C5979400BBFE69 /* PhotoDetailsFactory.swift */ = {isa = PBXFileReference; lastKnownFileType = sourcecode.swift; path = PhotoDetailsFactory.swift; sourceTree = "<group>"; };
		DF6A4F6027C597D400BBFE69 /* PhotoDetailsController.swift */ = {isa = PBXFileReference; lastKnownFileType = sourcecode.swift; path = PhotoDetailsController.swift; sourceTree = "<group>"; };
		DF7C3F4E27DBFEFD00345074 /* PhotoZoomController.swift */ = {isa = PBXFileReference; lastKnownFileType = sourcecode.swift; path = PhotoZoomController.swift; sourceTree = "<group>"; };
		DF7C3F5227DC07A700345074 /* ZoomableImageView.swift */ = {isa = PBXFileReference; lastKnownFileType = sourcecode.swift; path = ZoomableImageView.swift; sourceTree = "<group>"; };
		DF94BCC327ADC697008D3D5C /* Zoom.swift */ = {isa = PBXFileReference; lastKnownFileType = sourcecode.swift; path = Zoom.swift; sourceTree = "<group>"; };
		DF9AF53D27B092C80047149F /* YearSelector.swift */ = {isa = PBXFileReference; lastKnownFileType = sourcecode.swift; path = YearSelector.swift; sourceTree = "<group>"; };
		DF9AF53F27B092E70047149F /* ThumbView.swift */ = {isa = PBXFileReference; lastKnownFileType = sourcecode.swift; path = ThumbView.swift; sourceTree = "<group>"; };
		DFA21CE027C854C700BA14E8 /* ActionButton.swift */ = {isa = PBXFileReference; lastKnownFileType = sourcecode.swift; path = ActionButton.swift; sourceTree = "<group>"; };
		DFA21CE327C8631B00BA14E8 /* LoadingImageView.swift */ = {isa = PBXFileReference; lastKnownFileType = sourcecode.swift; path = LoadingImageView.swift; sourceTree = "<group>"; };
		DFB4CD9A2814B4100016EB80 /* ClusterListController.swift */ = {isa = PBXFileReference; lastKnownFileType = sourcecode.swift; path = ClusterListController.swift; sourceTree = "<group>"; };
		DFB4CD9C2814B4D20016EB80 /* PhotoListFactory.swift */ = {isa = PBXFileReference; lastKnownFileType = sourcecode.swift; path = PhotoListFactory.swift; sourceTree = "<group>"; };
		DFCF0EEA27AAD5CF00A0D10B /* NetworkPhoto.swift */ = {isa = PBXFileReference; lastKnownFileType = sourcecode.swift; path = NetworkPhoto.swift; sourceTree = "<group>"; };
		DFCF0EEC27AAD5EA00A0D10B /* Request.swift */ = {isa = PBXFileReference; lastKnownFileType = sourcecode.swift; path = Request.swift; sourceTree = "<group>"; };
		DFCF0EEE27AAD61600A0D10B /* NetworkService.swift */ = {isa = PBXFileReference; lastKnownFileType = sourcecode.swift; path = NetworkService.swift; sourceTree = "<group>"; };
		DFCF0EF027AAD65F00A0D10B /* NetworkError.swift */ = {isa = PBXFileReference; lastKnownFileType = sourcecode.swift; path = NetworkError.swift; sourceTree = "<group>"; };
		DFCF0EF227AAD7CD00A0D10B /* NetworkCluster.swift */ = {isa = PBXFileReference; lastKnownFileType = sourcecode.swift; path = NetworkCluster.swift; sourceTree = "<group>"; };
		DFCF0EF427AAE16600A0D10B /* Photo.swift */ = {isa = PBXFileReference; lastKnownFileType = sourcecode.swift; path = Photo.swift; sourceTree = "<group>"; };
		DFCF0EF727AAE29D00A0D10B /* Direction.swift */ = {isa = PBXFileReference; lastKnownFileType = sourcecode.swift; path = Direction.swift; sourceTree = "<group>"; };
		DFCF0EFA27AAE59100A0D10B /* Colors and gradients.swift */ = {isa = PBXFileReference; lastKnownFileType = sourcecode.swift; path = "Colors and gradients.swift"; sourceTree = "<group>"; };
		DFCF0EFC27AAE81C00A0D10B /* Cluster.swift */ = {isa = PBXFileReference; lastKnownFileType = sourcecode.swift; path = Cluster.swift; sourceTree = "<group>"; };
		DFD7A21927B86AE80064A0F4 /* ImageFetcher.swift */ = {isa = PBXFileReference; lastKnownFileType = sourcecode.swift; path = ImageFetcher.swift; sourceTree = "<group>"; };
		DFD7A21C27B86ED30064A0F4 /* ImageQuality.swift */ = {isa = PBXFileReference; lastKnownFileType = sourcecode.swift; path = ImageQuality.swift; sourceTree = "<group>"; };
		DFD7A21E27B94E4C0064A0F4 /* ImageFetchingOperation.swift */ = {isa = PBXFileReference; lastKnownFileType = sourcecode.swift; path = ImageFetchingOperation.swift; sourceTree = "<group>"; };
		DFE0460F2800136B0005AB2D /* CameraManager.swift */ = {isa = PBXFileReference; lastKnownFileType = sourcecode.swift; path = CameraManager.swift; sourceTree = "<group>"; };
		DFE046112800139E0005AB2D /* CameraProtocols.swift */ = {isa = PBXFileReference; lastKnownFileType = sourcecode.swift; path = CameraProtocols.swift; sourceTree = "<group>"; };
		DFE04613280013D40005AB2D /* CompareState.swift */ = {isa = PBXFileReference; lastKnownFileType = sourcecode.swift; path = CompareState.swift; sourceTree = "<group>"; };
		DFE04615280014540005AB2D /* CameraPreview.swift */ = {isa = PBXFileReference; lastKnownFileType = sourcecode.swift; path = CameraPreview.swift; sourceTree = "<group>"; };
		DFE04617280014900005AB2D /* RotatingContainer.swift */ = {isa = PBXFileReference; lastKnownFileType = sourcecode.swift; path = RotatingContainer.swift; sourceTree = "<group>"; };
		DFE04619280015430005AB2D /* CameraTakeButton.swift */ = {isa = PBXFileReference; lastKnownFileType = sourcecode.swift; path = CameraTakeButton.swift; sourceTree = "<group>"; };
		DFE0461B2800166A0005AB2D /* Menlo.ttc */ = {isa = PBXFileReference; lastKnownFileType = file; path = Menlo.ttc; sourceTree = "<group>"; };
		DFE0461E280017DB0005AB2D /* CameraViewFactory.swift */ = {isa = PBXFileReference; lastKnownFileType = sourcecode.swift; path = CameraViewFactory.swift; sourceTree = "<group>"; };
		DFE046202800194F0005AB2D /* CompareCameraController.swift */ = {isa = PBXFileReference; lastKnownFileType = sourcecode.swift; path = CompareCameraController.swift; sourceTree = "<group>"; };
		DFE04622280019CE0005AB2D /* CompareContent.swift */ = {isa = PBXFileReference; lastKnownFileType = sourcecode.swift; path = CompareContent.swift; sourceTree = "<group>"; };
		DFE0462428001A550005AB2D /* CameraControls.swift */ = {isa = PBXFileReference; lastKnownFileType = sourcecode.swift; path = CameraControls.swift; sourceTree = "<group>"; };
		DFE4A59F27DD602C007918F1 /* LocationProvider.swift */ = {isa = PBXFileReference; lastKnownFileType = sourcecode.swift; path = LocationProvider.swift; sourceTree = "<group>"; };
		DFED9875280566B90019235A /* CoreDataModel.xcdatamodel */ = {isa = PBXFileReference; lastKnownFileType = wrapper.xcdatamodel; path = CoreDataModel.xcdatamodel; sourceTree = "<group>"; };
		DFED9877280574410019235A /* FavouritesProvider.swift */ = {isa = PBXFileReference; lastKnownFileType = sourcecode.swift; path = FavouritesProvider.swift; sourceTree = "<group>"; };
		DFED987928058BAC0019235A /* PhotoListController.swift */ = {isa = PBXFileReference; lastKnownFileType = sourcecode.swift; path = PhotoListController.swift; sourceTree = "<group>"; };
/* End PBXFileReference section */

/* Begin PBXFrameworksBuildPhase section */
		DF0BDEED27AACE33002CCF07 /* Frameworks */ = {
			isa = PBXFrameworksBuildPhase;
			buildActionMask = 2147483647;
			files = (
			);
			runOnlyForDeploymentPostprocessing = 0;
		};
/* End PBXFrameworksBuildPhase section */

/* Begin PBXGroup section */
		C6813B6927DE403900E876A9 /* MulticastDelegates */ = {
			isa = PBXGroup;
			children = (
				C6813B6D27DE404B00E876A9 /* UIControlMulticastDelegate.h */,
				C6813B6B27DE404B00E876A9 /* UIControlMulticastDelegate.m */,
				C6813B6A27DE404B00E876A9 /* PhotoPlenka-Bridging-Header.h */,
			);
			path = MulticastDelegates;
			sourceTree = "<group>";
		};
		DF0BDEE727AACE32002CCF07 = {
			isa = PBXGroup;
			children = (
				DF0BDEF227AACE33002CCF07 /* PhotoPlenka */,
				DF0BDEF127AACE33002CCF07 /* Products */,
			);
			sourceTree = "<group>";
		};
		DF0BDEF127AACE33002CCF07 /* Products */ = {
			isa = PBXGroup;
			children = (
				DF0BDEF027AACE33002CCF07 /* PhotoPlenka.app */,
			);
			name = Products;
			sourceTree = "<group>";
		};
		DF0BDEF227AACE33002CCF07 /* PhotoPlenka */ = {
			isa = PBXGroup;
			children = (
				DF0BDEF327AACE33002CCF07 /* AppDelegate.swift */,
				DF0BDEF527AACE33002CCF07 /* SceneDelegate.swift */,
				DFE0460E2800135A0005AB2D /* Camera */,
				DFC8B0B227D3916C0089E411 /* Bottom Sheet */,
				DF58EC9927C6E55F00793CAE /* Bottom Navigation */,
				DF6A4F5527C52EF200BBFE69 /* Data Providers */,
				DFD7A21B27B86EC20064A0F4 /* Images */,
				DF37378127BA8A8F00DAB3CC /* Controllers */,
				DFCF0EF927AAE57800A0D10B /* View */,
				DFCF0EF627AAE16A00A0D10B /* Model */,
				DFCF0EE927AAD5C000A0D10B /* Network */,
				C6813B6927DE403900E876A9 /* MulticastDelegates */,
				DF0BDEF927AACE33002CCF07 /* Main.storyboard */,
				DF0BDEFC27AACE38002CCF07 /* Assets.xcassets */,
				DF0BDEFE27AACE38002CCF07 /* LaunchScreen.storyboard */,
				DF0BDF0127AACE38002CCF07 /* Info.plist */,
				DFE0461B2800166A0005AB2D /* Menlo.ttc */,
				DFED9874280566B90019235A /* PhotoPlenka.xcdatamodeld */,
			);
			path = PhotoPlenka;
			sourceTree = "<group>";
		};
		DF37378127BA8A8F00DAB3CC /* Controllers */ = {
			isa = PBXGroup;
			children = (
				DF0BDEF727AACE33002CCF07 /* MapController.swift */,
				DF37377F27BA82F000DAB3CC /* NearbyListController.swift */,
				DFED987928058BAC0019235A /* PhotoListController.swift */,
				DF6A4F6027C597D400BBFE69 /* PhotoDetailsController.swift */,
				DF7C3F4E27DBFEFD00345074 /* PhotoZoomController.swift */,
				DFE046202800194F0005AB2D /* CompareCameraController.swift */,
				DFB4CD9A2814B4100016EB80 /* ClusterListController.swift */,
			);
			path = Controllers;
			sourceTree = "<group>";
		};
		DF58EC9927C6E55F00793CAE /* Bottom Navigation */ = {
			isa = PBXGroup;
			children = (
				DF58EC9727C6DEC600793CAE /* BottomNavigationController.swift */,
				DF58EC9A27C6E5EC00793CAE /* BottomTransitionAnimator.swift */,
				DF58EC9D27C767FB00793CAE /* BottomTransitionCoordinator.swift */,
			);
			path = "Bottom Navigation";
			sourceTree = "<group>";
		};
		DF6A4F5527C52EF200BBFE69 /* Data Providers */ = {
			isa = PBXGroup;
			children = (
				DF571C8D27AEC1650070C624 /* AnnotationProvider.swift */,
				DF6A4F5627C52F1200BBFE69 /* PhotoDetailsProvider.swift */,
				DFE4A59F27DD602C007918F1 /* LocationProvider.swift */,
				DFED9877280574410019235A /* FavouritesProvider.swift */,
			);
			path = "Data Providers";
			sourceTree = "<group>";
		};
		DF6A4F5C27C5975A00BBFE69 /* AnnotationViews */ = {
			isa = PBXGroup;
			children = (
				DF2A41E827AC78C700E21BDC /* PhotoAnnotationView.swift */,
				DF2A41EA27AC7A9000E21BDC /* ClusterAnnotationView.swift */,
				DF0B9D3827B1812D005836D8 /* MultiplePhotosAnnotationView.swift */,
			);
			path = AnnotationViews;
			sourceTree = "<group>";
		};
		DF6A4F5D27C5977100BBFE69 /* Buttons */ = {
			isa = PBXGroup;
			children = (
				DF6A4F5827C5970300BBFE69 /* SquishyButton.swift */,
				DFA21CE027C854C700BA14E8 /* ActionButton.swift */,
				DF6A4F5A27C5972C00BBFE69 /* LikeButton.swift */,
				DF1C971A27D5782A00B79C72 /* RoundButton.swift */,
				DFE04619280015430005AB2D /* CameraTakeButton.swift */,
			);
			path = Buttons;
			sourceTree = "<group>";
		};
		DF9AF53C27B090910047149F /* YearSelector */ = {
			isa = PBXGroup;
			children = (
				DF9AF53D27B092C80047149F /* YearSelector.swift */,
				DF9AF53F27B092E70047149F /* ThumbView.swift */,
			);
			path = YearSelector;
			sourceTree = "<group>";
		};
		DFC8B0B227D3916C0089E411 /* Bottom Sheet */ = {
			isa = PBXGroup;
			children = (
				C60B4D2527AEAAC300F2C117 /* BottomSheetTransitionDelegate.swift */,
				C60B4D2727AEAB3200F2C117 /* BottomSheetPresentationController.swift */,
			);
			path = "Bottom Sheet";
			sourceTree = "<group>";
		};
		DFCF0EE927AAD5C000A0D10B /* Network */ = {
			isa = PBXGroup;
			children = (
				DFCF0EEA27AAD5CF00A0D10B /* NetworkPhoto.swift */,
				DFCF0EF227AAD7CD00A0D10B /* NetworkCluster.swift */,
				DFCF0EEC27AAD5EA00A0D10B /* Request.swift */,
				DFCF0EEE27AAD61600A0D10B /* NetworkService.swift */,
				DFCF0EF027AAD65F00A0D10B /* NetworkError.swift */,
				DF6A4F5327C446B100BBFE69 /* NetworkDetailedPhoto.swift */,
			);
			path = Network;
			sourceTree = "<group>";
		};
		DFCF0EF627AAE16A00A0D10B /* Model */ = {
			isa = PBXGroup;
			children = (
				DFCF0EF427AAE16600A0D10B /* Photo.swift */,
				DF6A4F4F27C3FBC700BBFE69 /* DetailedPhoto.swift */,
				DF6A4F5127C4469600BBFE69 /* PhotoSource.swift */,
				DFCF0EF727AAE29D00A0D10B /* Direction.swift */,
				DFCF0EFC27AAE81C00A0D10B /* Cluster.swift */,
				DF94BCC327ADC697008D3D5C /* Zoom.swift */,
				DF37378227BA8AB800DAB3CC /* MapObserver.swift */,
				DF38B2E8280B8AFD00C963BD /* MapLinks.swift */,
			);
			path = Model;
			sourceTree = "<group>";
		};
		DFCF0EF927AAE57800A0D10B /* View */ = {
			isa = PBXGroup;
			children = (
				DF6A4F5D27C5977100BBFE69 /* Buttons */,
				DF6A4F5C27C5975A00BBFE69 /* AnnotationViews */,
				DF9AF53C27B090910047149F /* YearSelector */,
				DFCF0EFA27AAE59100A0D10B /* Colors and gradients.swift */,
				DF37377D27BA826000DAB3CC /* PreviewCell.swift */,
				DF37378427BA8FBE00DAB3CC /* MapWithObservers.swift */,
				DFA21CE327C8631B00BA14E8 /* LoadingImageView.swift */,
				DF6A4F5E27C5979400BBFE69 /* PhotoDetailsFactory.swift */,
				DFE0461E280017DB0005AB2D /* CameraViewFactory.swift */,
				DF7C3F5227DC07A700345074 /* ZoomableImageView.swift */,
				DFE04617280014900005AB2D /* RotatingContainer.swift */,
				DFB4CD9C2814B4D20016EB80 /* PhotoListFactory.swift */,
			);
			path = View;
			sourceTree = "<group>";
		};
		DFD7A21B27B86EC20064A0F4 /* Images */ = {
			isa = PBXGroup;
			children = (
				DFD7A21927B86AE80064A0F4 /* ImageFetcher.swift */,
				DFD7A21E27B94E4C0064A0F4 /* ImageFetchingOperation.swift */,
				DFD7A21C27B86ED30064A0F4 /* ImageQuality.swift */,
			);
			path = Images;
			sourceTree = "<group>";
		};
		DFE0460E2800135A0005AB2D /* Camera */ = {
			isa = PBXGroup;
			children = (
				DFE0460F2800136B0005AB2D /* CameraManager.swift */,
				DFE046112800139E0005AB2D /* CameraProtocols.swift */,
				DFE04613280013D40005AB2D /* CompareState.swift */,
				DFE04615280014540005AB2D /* CameraPreview.swift */,
				DFE04622280019CE0005AB2D /* CompareContent.swift */,
				DFE0462428001A550005AB2D /* CameraControls.swift */,
			);
			path = Camera;
			sourceTree = "<group>";
		};
/* End PBXGroup section */

/* Begin PBXNativeTarget section */
		DF0BDEEF27AACE33002CCF07 /* PhotoPlenka */ = {
			isa = PBXNativeTarget;
			buildConfigurationList = DF0BDF0427AACE38002CCF07 /* Build configuration list for PBXNativeTarget "PhotoPlenka" */;
			buildPhases = (
				DF0BDEEC27AACE33002CCF07 /* Sources */,
				DF0BDEED27AACE33002CCF07 /* Frameworks */,
				DF0BDEEE27AACE33002CCF07 /* Resources */,
				DFD7A22127B973690064A0F4 /* ShellScript */,
			);
			buildRules = (
			);
			dependencies = (
			);
			name = PhotoPlenka;
			productName = PhotoPlenka;
			productReference = DF0BDEF027AACE33002CCF07 /* PhotoPlenka.app */;
			productType = "com.apple.product-type.application";
		};
/* End PBXNativeTarget section */

/* Begin PBXProject section */
		DF0BDEE827AACE32002CCF07 /* Project object */ = {
			isa = PBXProject;
			attributes = {
				BuildIndependentTargetsInParallel = 1;
				LastSwiftUpdateCheck = 1310;
				LastUpgradeCheck = 1310;
				TargetAttributes = {
					DF0BDEEF27AACE33002CCF07 = {
						CreatedOnToolsVersion = 13.1;
						LastSwiftMigration = 1320;
					};
				};
			};
			buildConfigurationList = DF0BDEEB27AACE32002CCF07 /* Build configuration list for PBXProject "PhotoPlenka" */;
			compatibilityVersion = "Xcode 13.0";
			developmentRegion = en;
			hasScannedForEncodings = 0;
			knownRegions = (
				en,
				Base,
			);
			mainGroup = DF0BDEE727AACE32002CCF07;
			productRefGroup = DF0BDEF127AACE33002CCF07 /* Products */;
			projectDirPath = "";
			projectRoot = "";
			targets = (
				DF0BDEEF27AACE33002CCF07 /* PhotoPlenka */,
			);
		};
/* End PBXProject section */

/* Begin PBXResourcesBuildPhase section */
		DF0BDEEE27AACE33002CCF07 /* Resources */ = {
			isa = PBXResourcesBuildPhase;
			buildActionMask = 2147483647;
			files = (
				DF0BDF0027AACE38002CCF07 /* LaunchScreen.storyboard in Resources */,
				DFE0461C2800166A0005AB2D /* Menlo.ttc in Resources */,
				DF0BDEFD27AACE38002CCF07 /* Assets.xcassets in Resources */,
				DF0BDEFB27AACE33002CCF07 /* Main.storyboard in Resources */,
			);
			runOnlyForDeploymentPostprocessing = 0;
		};
/* End PBXResourcesBuildPhase section */

/* Begin PBXShellScriptBuildPhase section */
		DFD7A22127B973690064A0F4 /* ShellScript */ = {
			isa = PBXShellScriptBuildPhase;
			buildActionMask = 2147483647;
			files = (
			);
			inputFileListPaths = (
			);
			inputPaths = (
			);
			outputFileListPaths = (
			);
			outputPaths = (
			);
			runOnlyForDeploymentPostprocessing = 0;
			shellPath = /bin/sh;
			shellScript = "# Type a script or drag a script file from your workspace to insert its path.\nif which swiftlint >/dev/null; then\n  swiftlint\nelse\n  echo \"warning: SwiftLint not installed, download from https://github.com/realm/SwiftLint\"\nfi\n";
		};
/* End PBXShellScriptBuildPhase section */

/* Begin PBXSourcesBuildPhase section */
		DF0BDEEC27AACE33002CCF07 /* Sources */ = {
			isa = PBXSourcesBuildPhase;
			buildActionMask = 2147483647;
			files = (
				DF0BDEF827AACE33002CCF07 /* MapController.swift in Sources */,
				DF2A41E927AC78C700E21BDC /* PhotoAnnotationView.swift in Sources */,
				DF94BCC427ADC697008D3D5C /* Zoom.swift in Sources */,
				DFCF0EF127AAD65F00A0D10B /* NetworkError.swift in Sources */,
				DFE0462528001A550005AB2D /* CameraControls.swift in Sources */,
				C60B4D2627AEAAC300F2C117 /* BottomSheetTransitionDelegate.swift in Sources */,
				DFA21CE427C8631B00BA14E8 /* LoadingImageView.swift in Sources */,
				DF6A4F5427C446B100BBFE69 /* NetworkDetailedPhoto.swift in Sources */,
				DF1C971B27D5782A00B79C72 /* RoundButton.swift in Sources */,
				DF6A4F5927C5970300BBFE69 /* SquishyButton.swift in Sources */,
				DFCF0EFD27AAE81C00A0D10B /* Cluster.swift in Sources */,
				DF58EC9E27C767FB00793CAE /* BottomTransitionCoordinator.swift in Sources */,
				DFCF0EEB27AAD5CF00A0D10B /* NetworkPhoto.swift in Sources */,
				DFE04614280013D40005AB2D /* CompareState.swift in Sources */,
				DF7C3F4F27DBFEFD00345074 /* PhotoZoomController.swift in Sources */,
				DF37378027BA82F000DAB3CC /* NearbyListController.swift in Sources */,
				DFE046122800139E0005AB2D /* CameraProtocols.swift in Sources */,
				DF6A4F5027C3FBC700BBFE69 /* DetailedPhoto.swift in Sources */,
				DF9AF53E27B092C80047149F /* YearSelector.swift in Sources */,
				DF6A4F5727C52F1200BBFE69 /* PhotoDetailsProvider.swift in Sources */,
				DFE04623280019CE0005AB2D /* CompareContent.swift in Sources */,
				DFED9876280566B90019235A /* PhotoPlenka.xcdatamodeld in Sources */,
				DF6A4F5B27C5972C00BBFE69 /* LikeButton.swift in Sources */,
				DFCF0EF827AAE29D00A0D10B /* Direction.swift in Sources */,
				DFCF0EF527AAE16600A0D10B /* Photo.swift in Sources */,
				DFCF0EFB27AAE59100A0D10B /* Colors and gradients.swift in Sources */,
				DF38B2E9280B8AFD00C963BD /* MapLinks.swift in Sources */,
				DFD7A21A27B86AE80064A0F4 /* ImageFetcher.swift in Sources */,
				DF571C8E27AEC1650070C624 /* AnnotationProvider.swift in Sources */,
				DFCF0EF327AAD7CD00A0D10B /* NetworkCluster.swift in Sources */,
				DF6A4F5227C4469600BBFE69 /* PhotoSource.swift in Sources */,
				DF37377E27BA826000DAB3CC /* PreviewCell.swift in Sources */,
				DFCF0EED27AAD5EA00A0D10B /* Request.swift in Sources */,
				DF9AF54027B092E70047149F /* ThumbView.swift in Sources */,
				DFE0461F280017DB0005AB2D /* CameraViewFactory.swift in Sources */,
				DFB4CD9D2814B4D20016EB80 /* PhotoListFactory.swift in Sources */,
				DFED987A28058BAC0019235A /* PhotoListController.swift in Sources */,
				DF7C3F5327DC07A700345074 /* ZoomableImageView.swift in Sources */,
				DFE04616280014540005AB2D /* CameraPreview.swift in Sources */,
				DF37378327BA8AB800DAB3CC /* MapObserver.swift in Sources */,
				DF58EC9827C6DEC600793CAE /* BottomNavigationController.swift in Sources */,
				DF37378527BA8FBE00DAB3CC /* MapWithObservers.swift in Sources */,
				DF0BDEF427AACE33002CCF07 /* AppDelegate.swift in Sources */,
				DF0B9D3927B1812D005836D8 /* MultiplePhotosAnnotationView.swift in Sources */,
				DF6A4F6127C597D400BBFE69 /* PhotoDetailsController.swift in Sources */,
				DFCF0EEF27AAD61600A0D10B /* NetworkService.swift in Sources */,
				DFA21CE127C854C800BA14E8 /* ActionButton.swift in Sources */,
				DFE046102800136B0005AB2D /* CameraManager.swift in Sources */,
				DF2A41EB27AC7A9000E21BDC /* ClusterAnnotationView.swift in Sources */,
				DF0BDEF627AACE33002CCF07 /* SceneDelegate.swift in Sources */,
				DFE4A5A027DD602C007918F1 /* LocationProvider.swift in Sources */,
				DFB4CD9B2814B4100016EB80 /* ClusterListController.swift in Sources */,
				DFD7A21F27B94E4C0064A0F4 /* ImageFetchingOperation.swift in Sources */,
				C6813B6E27DE404B00E876A9 /* UIControlMulticastDelegate.m in Sources */,
				DFE04618280014900005AB2D /* RotatingContainer.swift in Sources */,
				C60B4D2827AEAB3200F2C117 /* BottomSheetPresentationController.swift in Sources */,
				DF6A4F5F27C5979400BBFE69 /* PhotoDetailsFactory.swift in Sources */,
				DFE046212800194F0005AB2D /* CompareCameraController.swift in Sources */,
				DFD7A21D27B86ED30064A0F4 /* ImageQuality.swift in Sources */,
				DF58EC9B27C6E5EC00793CAE /* BottomTransitionAnimator.swift in Sources */,
				DFE0461A280015430005AB2D /* CameraTakeButton.swift in Sources */,
				DFED9878280574410019235A /* FavouritesProvider.swift in Sources */,
			);
			runOnlyForDeploymentPostprocessing = 0;
		};
/* End PBXSourcesBuildPhase section */

/* Begin PBXVariantGroup section */
		DF0BDEF927AACE33002CCF07 /* Main.storyboard */ = {
			isa = PBXVariantGroup;
			children = (
				DF0BDEFA27AACE33002CCF07 /* Base */,
			);
			name = Main.storyboard;
			sourceTree = "<group>";
		};
		DF0BDEFE27AACE38002CCF07 /* LaunchScreen.storyboard */ = {
			isa = PBXVariantGroup;
			children = (
				DF0BDEFF27AACE38002CCF07 /* Base */,
			);
			name = LaunchScreen.storyboard;
			sourceTree = "<group>";
		};
/* End PBXVariantGroup section */

/* Begin XCBuildConfiguration section */
		DF0BDF0227AACE38002CCF07 /* Debug */ = {
			isa = XCBuildConfiguration;
			buildSettings = {
				ALWAYS_SEARCH_USER_PATHS = NO;
				CLANG_ANALYZER_NONNULL = YES;
				CLANG_ANALYZER_NUMBER_OBJECT_CONVERSION = YES_AGGRESSIVE;
				CLANG_CXX_LANGUAGE_STANDARD = "gnu++17";
				CLANG_CXX_LIBRARY = "libc++";
				CLANG_ENABLE_MODULES = YES;
				CLANG_ENABLE_OBJC_ARC = YES;
				CLANG_ENABLE_OBJC_WEAK = YES;
				CLANG_WARN_BLOCK_CAPTURE_AUTORELEASING = YES;
				CLANG_WARN_BOOL_CONVERSION = YES;
				CLANG_WARN_COMMA = YES;
				CLANG_WARN_CONSTANT_CONVERSION = YES;
				CLANG_WARN_DEPRECATED_OBJC_IMPLEMENTATIONS = YES;
				CLANG_WARN_DIRECT_OBJC_ISA_USAGE = YES_ERROR;
				CLANG_WARN_DOCUMENTATION_COMMENTS = YES;
				CLANG_WARN_EMPTY_BODY = YES;
				CLANG_WARN_ENUM_CONVERSION = YES;
				CLANG_WARN_INFINITE_RECURSION = YES;
				CLANG_WARN_INT_CONVERSION = YES;
				CLANG_WARN_NON_LITERAL_NULL_CONVERSION = YES;
				CLANG_WARN_OBJC_IMPLICIT_RETAIN_SELF = YES;
				CLANG_WARN_OBJC_LITERAL_CONVERSION = YES;
				CLANG_WARN_OBJC_ROOT_CLASS = YES_ERROR;
				CLANG_WARN_QUOTED_INCLUDE_IN_FRAMEWORK_HEADER = YES;
				CLANG_WARN_RANGE_LOOP_ANALYSIS = YES;
				CLANG_WARN_STRICT_PROTOTYPES = YES;
				CLANG_WARN_SUSPICIOUS_MOVE = YES;
				CLANG_WARN_UNGUARDED_AVAILABILITY = YES_AGGRESSIVE;
				CLANG_WARN_UNREACHABLE_CODE = YES;
				CLANG_WARN__DUPLICATE_METHOD_MATCH = YES;
				COPY_PHASE_STRIP = NO;
				DEBUG_INFORMATION_FORMAT = dwarf;
				ENABLE_STRICT_OBJC_MSGSEND = YES;
				ENABLE_TESTABILITY = YES;
				GCC_C_LANGUAGE_STANDARD = gnu11;
				GCC_DYNAMIC_NO_PIC = NO;
				GCC_NO_COMMON_BLOCKS = YES;
				GCC_OPTIMIZATION_LEVEL = 0;
				GCC_PREPROCESSOR_DEFINITIONS = (
					"DEBUG=1",
					"$(inherited)",
				);
				GCC_WARN_64_TO_32_BIT_CONVERSION = YES;
				GCC_WARN_ABOUT_RETURN_TYPE = YES_ERROR;
				GCC_WARN_UNDECLARED_SELECTOR = YES;
				GCC_WARN_UNINITIALIZED_AUTOS = YES_AGGRESSIVE;
				GCC_WARN_UNUSED_FUNCTION = YES;
				GCC_WARN_UNUSED_VARIABLE = YES;
				IPHONEOS_DEPLOYMENT_TARGET = 13.0;
				MTL_ENABLE_DEBUG_INFO = INCLUDE_SOURCE;
				MTL_FAST_MATH = YES;
				ONLY_ACTIVE_ARCH = YES;
				SDKROOT = iphoneos;
				SWIFT_ACTIVE_COMPILATION_CONDITIONS = DEBUG;
				SWIFT_OPTIMIZATION_LEVEL = "-Onone";
			};
			name = Debug;
		};
		DF0BDF0327AACE38002CCF07 /* Release */ = {
			isa = XCBuildConfiguration;
			buildSettings = {
				ALWAYS_SEARCH_USER_PATHS = NO;
				CLANG_ANALYZER_NONNULL = YES;
				CLANG_ANALYZER_NUMBER_OBJECT_CONVERSION = YES_AGGRESSIVE;
				CLANG_CXX_LANGUAGE_STANDARD = "gnu++17";
				CLANG_CXX_LIBRARY = "libc++";
				CLANG_ENABLE_MODULES = YES;
				CLANG_ENABLE_OBJC_ARC = YES;
				CLANG_ENABLE_OBJC_WEAK = YES;
				CLANG_WARN_BLOCK_CAPTURE_AUTORELEASING = YES;
				CLANG_WARN_BOOL_CONVERSION = YES;
				CLANG_WARN_COMMA = YES;
				CLANG_WARN_CONSTANT_CONVERSION = YES;
				CLANG_WARN_DEPRECATED_OBJC_IMPLEMENTATIONS = YES;
				CLANG_WARN_DIRECT_OBJC_ISA_USAGE = YES_ERROR;
				CLANG_WARN_DOCUMENTATION_COMMENTS = YES;
				CLANG_WARN_EMPTY_BODY = YES;
				CLANG_WARN_ENUM_CONVERSION = YES;
				CLANG_WARN_INFINITE_RECURSION = YES;
				CLANG_WARN_INT_CONVERSION = YES;
				CLANG_WARN_NON_LITERAL_NULL_CONVERSION = YES;
				CLANG_WARN_OBJC_IMPLICIT_RETAIN_SELF = YES;
				CLANG_WARN_OBJC_LITERAL_CONVERSION = YES;
				CLANG_WARN_OBJC_ROOT_CLASS = YES_ERROR;
				CLANG_WARN_QUOTED_INCLUDE_IN_FRAMEWORK_HEADER = YES;
				CLANG_WARN_RANGE_LOOP_ANALYSIS = YES;
				CLANG_WARN_STRICT_PROTOTYPES = YES;
				CLANG_WARN_SUSPICIOUS_MOVE = YES;
				CLANG_WARN_UNGUARDED_AVAILABILITY = YES_AGGRESSIVE;
				CLANG_WARN_UNREACHABLE_CODE = YES;
				CLANG_WARN__DUPLICATE_METHOD_MATCH = YES;
				COPY_PHASE_STRIP = NO;
				DEBUG_INFORMATION_FORMAT = "dwarf-with-dsym";
				ENABLE_NS_ASSERTIONS = NO;
				ENABLE_STRICT_OBJC_MSGSEND = YES;
				GCC_C_LANGUAGE_STANDARD = gnu11;
				GCC_NO_COMMON_BLOCKS = YES;
				GCC_WARN_64_TO_32_BIT_CONVERSION = YES;
				GCC_WARN_ABOUT_RETURN_TYPE = YES_ERROR;
				GCC_WARN_UNDECLARED_SELECTOR = YES;
				GCC_WARN_UNINITIALIZED_AUTOS = YES_AGGRESSIVE;
				GCC_WARN_UNUSED_FUNCTION = YES;
				GCC_WARN_UNUSED_VARIABLE = YES;
				IPHONEOS_DEPLOYMENT_TARGET = 13.0;
				MTL_ENABLE_DEBUG_INFO = NO;
				MTL_FAST_MATH = YES;
				SDKROOT = iphoneos;
				SWIFT_COMPILATION_MODE = wholemodule;
				SWIFT_OPTIMIZATION_LEVEL = "-O";
				VALIDATE_PRODUCT = YES;
			};
			name = Release;
		};
		DF0BDF0527AACE38002CCF07 /* Debug */ = {
			isa = XCBuildConfiguration;
			buildSettings = {
				ASSETCATALOG_COMPILER_APPICON_NAME = AppIcon;
				ASSETCATALOG_COMPILER_GLOBAL_ACCENT_COLOR_NAME = AccentColor;
				CLANG_ENABLE_MODULES = YES;
				CODE_SIGN_STYLE = Automatic;
				CURRENT_PROJECT_VERSION = 11;
				DEVELOPMENT_TEAM = 8DB7C77NK9;
				GENERATE_INFOPLIST_FILE = YES;
				INFOPLIST_FILE = PhotoPlenka/Info.plist;
				INFOPLIST_KEY_CFBundleDisplayName = "Фотоплёнка";
				INFOPLIST_KEY_NSCameraUsageDescription = "Создание совместной фотографии";
				INFOPLIST_KEY_NSLocationWhenInUseUsageDescription = "Так мы сможем показывать то, что рядом с вами";
				INFOPLIST_KEY_NSPhotoLibraryAddUsageDescription = "Сохранение фотографии в галерею";
				INFOPLIST_KEY_UIApplicationSupportsIndirectInputEvents = YES;
				INFOPLIST_KEY_UILaunchStoryboardName = LaunchScreen;
				INFOPLIST_KEY_UIMainStoryboardFile = Main;
				INFOPLIST_KEY_UISupportedInterfaceOrientations_iPad = "UIInterfaceOrientationPortrait UIInterfaceOrientationPortraitUpsideDown UIInterfaceOrientationLandscapeLeft UIInterfaceOrientationLandscapeRight";
				INFOPLIST_KEY_UISupportedInterfaceOrientations_iPhone = "UIInterfaceOrientationPortrait UIInterfaceOrientationLandscapeLeft UIInterfaceOrientationLandscapeRight";
				IPHONEOS_DEPLOYMENT_TARGET = 13.0;
				LD_RUNPATH_SEARCH_PATHS = (
					"$(inherited)",
					"@executable_path/Frameworks",
				);
				MARKETING_VERSION = 0.0.6;
				PRODUCT_BUNDLE_IDENTIFIER = pastvu;
				PRODUCT_NAME = "$(TARGET_NAME)";
				SWIFT_EMIT_LOC_STRINGS = YES;
				SWIFT_OBJC_BRIDGING_HEADER = "PhotoPlenka/MulticastDelegates/PhotoPlenka-Bridging-Header.h";
				SWIFT_OPTIMIZATION_LEVEL = "-Onone";
				SWIFT_VERSION = 5.0;
				TARGETED_DEVICE_FAMILY = 1;
			};
			name = Debug;
		};
		DF0BDF0627AACE38002CCF07 /* Release */ = {
			isa = XCBuildConfiguration;
			buildSettings = {
				ASSETCATALOG_COMPILER_APPICON_NAME = AppIcon;
				ASSETCATALOG_COMPILER_GLOBAL_ACCENT_COLOR_NAME = AccentColor;
				CLANG_ENABLE_MODULES = YES;
				CODE_SIGN_STYLE = Automatic;
				CURRENT_PROJECT_VERSION = 11;
				DEVELOPMENT_TEAM = 8DB7C77NK9;
				GENERATE_INFOPLIST_FILE = YES;
				INFOPLIST_FILE = PhotoPlenka/Info.plist;
				INFOPLIST_KEY_CFBundleDisplayName = "Фотоплёнка";
				INFOPLIST_KEY_NSCameraUsageDescription = "Создание совместной фотографии";
				INFOPLIST_KEY_NSLocationWhenInUseUsageDescription = "Так мы сможем показывать то, что рядом с вами";
				INFOPLIST_KEY_NSPhotoLibraryAddUsageDescription = "Сохранение фотографии в галерею";
				INFOPLIST_KEY_UIApplicationSupportsIndirectInputEvents = YES;
				INFOPLIST_KEY_UILaunchStoryboardName = LaunchScreen;
				INFOPLIST_KEY_UIMainStoryboardFile = Main;
				INFOPLIST_KEY_UISupportedInterfaceOrientations_iPad = "UIInterfaceOrientationPortrait UIInterfaceOrientationPortraitUpsideDown UIInterfaceOrientationLandscapeLeft UIInterfaceOrientationLandscapeRight";
				INFOPLIST_KEY_UISupportedInterfaceOrientations_iPhone = "UIInterfaceOrientationPortrait UIInterfaceOrientationLandscapeLeft UIInterfaceOrientationLandscapeRight";
				IPHONEOS_DEPLOYMENT_TARGET = 13.0;
				LD_RUNPATH_SEARCH_PATHS = (
					"$(inherited)",
					"@executable_path/Frameworks",
				);
				MARKETING_VERSION = 0.0.6;
				PRODUCT_BUNDLE_IDENTIFIER = pastvu;
				PRODUCT_NAME = "$(TARGET_NAME)";
				SWIFT_EMIT_LOC_STRINGS = YES;
				SWIFT_OBJC_BRIDGING_HEADER = "PhotoPlenka/MulticastDelegates/PhotoPlenka-Bridging-Header.h";
				SWIFT_VERSION = 5.0;
				TARGETED_DEVICE_FAMILY = 1;
			};
			name = Release;
		};
/* End XCBuildConfiguration section */

/* Begin XCConfigurationList section */
		DF0BDEEB27AACE32002CCF07 /* Build configuration list for PBXProject "PhotoPlenka" */ = {
			isa = XCConfigurationList;
			buildConfigurations = (
				DF0BDF0227AACE38002CCF07 /* Debug */,
				DF0BDF0327AACE38002CCF07 /* Release */,
			);
			defaultConfigurationIsVisible = 0;
			defaultConfigurationName = Release;
		};
		DF0BDF0427AACE38002CCF07 /* Build configuration list for PBXNativeTarget "PhotoPlenka" */ = {
			isa = XCConfigurationList;
			buildConfigurations = (
				DF0BDF0527AACE38002CCF07 /* Debug */,
				DF0BDF0627AACE38002CCF07 /* Release */,
			);
			defaultConfigurationIsVisible = 0;
			defaultConfigurationName = Release;
		};
/* End XCConfigurationList section */

/* Begin XCVersionGroup section */
		DFED9874280566B90019235A /* PhotoPlenka.xcdatamodeld */ = {
			isa = XCVersionGroup;
			children = (
				DFED9875280566B90019235A /* CoreDataModel.xcdatamodel */,
			);
			currentVersion = DFED9875280566B90019235A /* CoreDataModel.xcdatamodel */;
			path = PhotoPlenka.xcdatamodeld;
			sourceTree = "<group>";
			versionGroupType = wrapper.xcdatamodel;
		};
/* End XCVersionGroup section */
	};
	rootObject = DF0BDEE827AACE32002CCF07 /* Project object */;
}
