// !$*UTF8*$!
{
	archiveVersion = 1;
	classes = {
	};
	objectVersion = 55;
	objects = {

/* Begin PBXBuildFile section */
		C60B4D2427AEA6BF00F2C117 /* DetailAnnotationViewController.swift in Sources */ = {isa = PBXBuildFile; fileRef = C60B4D2327AEA6BF00F2C117 /* DetailAnnotationViewController.swift */; };
		C60B4D2627AEAAC300F2C117 /* BottomSheetTransitionDelegate.swift in Sources */ = {isa = PBXBuildFile; fileRef = C60B4D2527AEAAC300F2C117 /* BottomSheetTransitionDelegate.swift */; };
		C60B4D2827AEAB3200F2C117 /* BottomSheetPresentationController.swift in Sources */ = {isa = PBXBuildFile; fileRef = C60B4D2727AEAB3200F2C117 /* BottomSheetPresentationController.swift */; };
		DF0BDEF427AACE33002CCF07 /* AppDelegate.swift in Sources */ = {isa = PBXBuildFile; fileRef = DF0BDEF327AACE33002CCF07 /* AppDelegate.swift */; };
		DF0BDEF627AACE33002CCF07 /* SceneDelegate.swift in Sources */ = {isa = PBXBuildFile; fileRef = DF0BDEF527AACE33002CCF07 /* SceneDelegate.swift */; };
		DF0BDEF827AACE33002CCF07 /* MapController.swift in Sources */ = {isa = PBXBuildFile; fileRef = DF0BDEF727AACE33002CCF07 /* MapController.swift */; };
		DF0BDEFB27AACE33002CCF07 /* Main.storyboard in Resources */ = {isa = PBXBuildFile; fileRef = DF0BDEF927AACE33002CCF07 /* Main.storyboard */; };
		DF0BDEFD27AACE38002CCF07 /* Assets.xcassets in Resources */ = {isa = PBXBuildFile; fileRef = DF0BDEFC27AACE38002CCF07 /* Assets.xcassets */; };
		DF0BDF0027AACE38002CCF07 /* LaunchScreen.storyboard in Resources */ = {isa = PBXBuildFile; fileRef = DF0BDEFE27AACE38002CCF07 /* LaunchScreen.storyboard */; };
		DF2A41E927AC78C700E21BDC /* PhotoAnnotationView.swift in Sources */ = {isa = PBXBuildFile; fileRef = DF2A41E827AC78C700E21BDC /* PhotoAnnotationView.swift */; };
		DF2A41EB27AC7A9000E21BDC /* ClusterAnnotationView.swift in Sources */ = {isa = PBXBuildFile; fileRef = DF2A41EA27AC7A9000E21BDC /* ClusterAnnotationView.swift */; };
		DF571C8E27AEC1650070C624 /* AnnotationProvider.swift in Sources */ = {isa = PBXBuildFile; fileRef = DF571C8D27AEC1650070C624 /* AnnotationProvider.swift */; };
		DF94BCC427ADC697008D3D5C /* Zoom.swift in Sources */ = {isa = PBXBuildFile; fileRef = DF94BCC327ADC697008D3D5C /* Zoom.swift */; };
		DFCF0EEB27AAD5CF00A0D10B /* NetworkPhoto.swift in Sources */ = {isa = PBXBuildFile; fileRef = DFCF0EEA27AAD5CF00A0D10B /* NetworkPhoto.swift */; };
		DFCF0EED27AAD5EA00A0D10B /* Request.swift in Sources */ = {isa = PBXBuildFile; fileRef = DFCF0EEC27AAD5EA00A0D10B /* Request.swift */; };
		DFCF0EEF27AAD61600A0D10B /* NetworkService.swift in Sources */ = {isa = PBXBuildFile; fileRef = DFCF0EEE27AAD61600A0D10B /* NetworkService.swift */; };
		DFCF0EF127AAD65F00A0D10B /* NetworkError.swift in Sources */ = {isa = PBXBuildFile; fileRef = DFCF0EF027AAD65F00A0D10B /* NetworkError.swift */; };
		DFCF0EF327AAD7CD00A0D10B /* NetworkCluster.swift in Sources */ = {isa = PBXBuildFile; fileRef = DFCF0EF227AAD7CD00A0D10B /* NetworkCluster.swift */; };
		DFCF0EF527AAE16600A0D10B /* Photo.swift in Sources */ = {isa = PBXBuildFile; fileRef = DFCF0EF427AAE16600A0D10B /* Photo.swift */; };
		DFCF0EF827AAE29D00A0D10B /* Direction.swift in Sources */ = {isa = PBXBuildFile; fileRef = DFCF0EF727AAE29D00A0D10B /* Direction.swift */; };
		DFCF0EFB27AAE59100A0D10B /* Color from year.swift in Sources */ = {isa = PBXBuildFile; fileRef = DFCF0EFA27AAE59100A0D10B /* Color from year.swift */; };
		DFCF0EFD27AAE81C00A0D10B /* Cluster.swift in Sources */ = {isa = PBXBuildFile; fileRef = DFCF0EFC27AAE81C00A0D10B /* Cluster.swift */; };
/* End PBXBuildFile section */

/* Begin PBXFileReference section */
		C60B4D2327AEA6BF00F2C117 /* DetailAnnotationViewController.swift */ = {isa = PBXFileReference; lastKnownFileType = sourcecode.swift; path = DetailAnnotationViewController.swift; sourceTree = "<group>"; };
		C60B4D2527AEAAC300F2C117 /* BottomSheetTransitionDelegate.swift */ = {isa = PBXFileReference; lastKnownFileType = sourcecode.swift; path = BottomSheetTransitionDelegate.swift; sourceTree = "<group>"; };
		C60B4D2727AEAB3200F2C117 /* BottomSheetPresentationController.swift */ = {isa = PBXFileReference; lastKnownFileType = sourcecode.swift; path = BottomSheetPresentationController.swift; sourceTree = "<group>"; };
		DF0BDEF027AACE33002CCF07 /* PhotoPlenka.app */ = {isa = PBXFileReference; explicitFileType = wrapper.application; includeInIndex = 0; path = PhotoPlenka.app; sourceTree = BUILT_PRODUCTS_DIR; };
		DF0BDEF327AACE33002CCF07 /* AppDelegate.swift */ = {isa = PBXFileReference; lastKnownFileType = sourcecode.swift; path = AppDelegate.swift; sourceTree = "<group>"; };
		DF0BDEF527AACE33002CCF07 /* SceneDelegate.swift */ = {isa = PBXFileReference; lastKnownFileType = sourcecode.swift; path = SceneDelegate.swift; sourceTree = "<group>"; };
		DF0BDEF727AACE33002CCF07 /* MapController.swift */ = {isa = PBXFileReference; lastKnownFileType = sourcecode.swift; path = MapController.swift; sourceTree = "<group>"; };
		DF0BDEFA27AACE33002CCF07 /* Base */ = {isa = PBXFileReference; lastKnownFileType = file.storyboard; name = Base; path = Base.lproj/Main.storyboard; sourceTree = "<group>"; };
		DF0BDEFC27AACE38002CCF07 /* Assets.xcassets */ = {isa = PBXFileReference; lastKnownFileType = folder.assetcatalog; path = Assets.xcassets; sourceTree = "<group>"; };
		DF0BDEFF27AACE38002CCF07 /* Base */ = {isa = PBXFileReference; lastKnownFileType = file.storyboard; name = Base; path = Base.lproj/LaunchScreen.storyboard; sourceTree = "<group>"; };
		DF0BDF0127AACE38002CCF07 /* Info.plist */ = {isa = PBXFileReference; lastKnownFileType = text.plist.xml; path = Info.plist; sourceTree = "<group>"; };
		DF2A41E827AC78C700E21BDC /* PhotoAnnotationView.swift */ = {isa = PBXFileReference; lastKnownFileType = sourcecode.swift; path = PhotoAnnotationView.swift; sourceTree = "<group>"; };
		DF2A41EA27AC7A9000E21BDC /* ClusterAnnotationView.swift */ = {isa = PBXFileReference; lastKnownFileType = sourcecode.swift; path = ClusterAnnotationView.swift; sourceTree = "<group>"; };
		DF571C8D27AEC1650070C624 /* AnnotationProvider.swift */ = {isa = PBXFileReference; lastKnownFileType = sourcecode.swift; path = AnnotationProvider.swift; sourceTree = "<group>"; };
		DF94BCC327ADC697008D3D5C /* Zoom.swift */ = {isa = PBXFileReference; lastKnownFileType = sourcecode.swift; path = Zoom.swift; sourceTree = "<group>"; };
		DFCF0EEA27AAD5CF00A0D10B /* NetworkPhoto.swift */ = {isa = PBXFileReference; lastKnownFileType = sourcecode.swift; path = NetworkPhoto.swift; sourceTree = "<group>"; };
		DFCF0EEC27AAD5EA00A0D10B /* Request.swift */ = {isa = PBXFileReference; lastKnownFileType = sourcecode.swift; path = Request.swift; sourceTree = "<group>"; };
		DFCF0EEE27AAD61600A0D10B /* NetworkService.swift */ = {isa = PBXFileReference; lastKnownFileType = sourcecode.swift; path = NetworkService.swift; sourceTree = "<group>"; };
		DFCF0EF027AAD65F00A0D10B /* NetworkError.swift */ = {isa = PBXFileReference; lastKnownFileType = sourcecode.swift; path = NetworkError.swift; sourceTree = "<group>"; };
		DFCF0EF227AAD7CD00A0D10B /* NetworkCluster.swift */ = {isa = PBXFileReference; lastKnownFileType = sourcecode.swift; path = NetworkCluster.swift; sourceTree = "<group>"; };
		DFCF0EF427AAE16600A0D10B /* Photo.swift */ = {isa = PBXFileReference; lastKnownFileType = sourcecode.swift; path = Photo.swift; sourceTree = "<group>"; };
		DFCF0EF727AAE29D00A0D10B /* Direction.swift */ = {isa = PBXFileReference; lastKnownFileType = sourcecode.swift; path = Direction.swift; sourceTree = "<group>"; };
		DFCF0EFA27AAE59100A0D10B /* Color from year.swift */ = {isa = PBXFileReference; lastKnownFileType = sourcecode.swift; path = "Color from year.swift"; sourceTree = "<group>"; };
		DFCF0EFC27AAE81C00A0D10B /* Cluster.swift */ = {isa = PBXFileReference; lastKnownFileType = sourcecode.swift; path = Cluster.swift; sourceTree = "<group>"; };
/* End PBXFileReference section */

/* Begin PBXFrameworksBuildPhase section */
		DF0BDEED27AACE33002CCF07 /* Frameworks */ = {
			isa = PBXFrameworksBuildPhase;
			buildActionMask = 2147483647;
			files = (
			);
			runOnlyForDeploymentPostprocessing = 0;
		};
/* End PBXFrameworksBuildPhase section */

/* Begin PBXGroup section */
		DF0BDEE727AACE32002CCF07 = {
			isa = PBXGroup;
			children = (
				DF0BDEF227AACE33002CCF07 /* PhotoPlenka */,
				DF0BDEF127AACE33002CCF07 /* Products */,
			);
			sourceTree = "<group>";
		};
		DF0BDEF127AACE33002CCF07 /* Products */ = {
			isa = PBXGroup;
			children = (
				DF0BDEF027AACE33002CCF07 /* PhotoPlenka.app */,
			);
			name = Products;
			sourceTree = "<group>";
		};
		DF0BDEF227AACE33002CCF07 /* PhotoPlenka */ = {
			isa = PBXGroup;
			children = (
				DF0BDEF327AACE33002CCF07 /* AppDelegate.swift */,
				DF0BDEF527AACE33002CCF07 /* SceneDelegate.swift */,
				DF0BDEF727AACE33002CCF07 /* MapController.swift */,
				DF571C8D27AEC1650070C624 /* AnnotationProvider.swift */,
				DFCF0EF927AAE57800A0D10B /* View */,
				DFCF0EF627AAE16A00A0D10B /* Model */,
				DFCF0EE927AAD5C000A0D10B /* Network */,
				DF0BDEF927AACE33002CCF07 /* Main.storyboard */,
				DF0BDEFC27AACE38002CCF07 /* Assets.xcassets */,
				DF0BDEFE27AACE38002CCF07 /* LaunchScreen.storyboard */,
				DF0BDF0127AACE38002CCF07 /* Info.plist */,
				C60B4D2327AEA6BF00F2C117 /* DetailAnnotationViewController.swift */,
				C60B4D2527AEAAC300F2C117 /* BottomSheetTransitionDelegate.swift */,
				C60B4D2727AEAB3200F2C117 /* BottomSheetPresentationController.swift */,
			);
			path = PhotoPlenka;
			sourceTree = "<group>";
		};
		DFCF0EE927AAD5C000A0D10B /* Network */ = {
			isa = PBXGroup;
			children = (
				DFCF0EEA27AAD5CF00A0D10B /* NetworkPhoto.swift */,
				DFCF0EF227AAD7CD00A0D10B /* NetworkCluster.swift */,
				DFCF0EEC27AAD5EA00A0D10B /* Request.swift */,
				DFCF0EEE27AAD61600A0D10B /* NetworkService.swift */,
				DFCF0EF027AAD65F00A0D10B /* NetworkError.swift */,
			);
			path = Network;
			sourceTree = "<group>";
		};
		DFCF0EF627AAE16A00A0D10B /* Model */ = {
			isa = PBXGroup;
			children = (
				DFCF0EF427AAE16600A0D10B /* Photo.swift */,
				DFCF0EF727AAE29D00A0D10B /* Direction.swift */,
				DFCF0EFC27AAE81C00A0D10B /* Cluster.swift */,
				DF94BCC327ADC697008D3D5C /* Zoom.swift */,
			);
			path = Model;
			sourceTree = "<group>";
		};
		DFCF0EF927AAE57800A0D10B /* View */ = {
			isa = PBXGroup;
			children = (
				DFCF0EFA27AAE59100A0D10B /* Color from year.swift */,
				DF2A41E827AC78C700E21BDC /* PhotoAnnotationView.swift */,
				DF2A41EA27AC7A9000E21BDC /* ClusterAnnotationView.swift */,
			);
			path = View;
			sourceTree = "<group>";
		};
/* End PBXGroup section */

/* Begin PBXNativeTarget section */
		DF0BDEEF27AACE33002CCF07 /* PhotoPlenka */ = {
			isa = PBXNativeTarget;
			buildConfigurationList = DF0BDF0427AACE38002CCF07 /* Build configuration list for PBXNativeTarget "PhotoPlenka" */;
			buildPhases = (
				DF0BDEEC27AACE33002CCF07 /* Sources */,
				DF0BDEED27AACE33002CCF07 /* Frameworks */,
				DF0BDEEE27AACE33002CCF07 /* Resources */,
			);
			buildRules = (
			);
			dependencies = (
			);
			name = PhotoPlenka;
			productName = PhotoPlenka;
			productReference = DF0BDEF027AACE33002CCF07 /* PhotoPlenka.app */;
			productType = "com.apple.product-type.application";
		};
/* End PBXNativeTarget section */

/* Begin PBXProject section */
		DF0BDEE827AACE32002CCF07 /* Project object */ = {
			isa = PBXProject;
			attributes = {
				BuildIndependentTargetsInParallel = 1;
				LastSwiftUpdateCheck = 1310;
				LastUpgradeCheck = 1310;
				TargetAttributes = {
					DF0BDEEF27AACE33002CCF07 = {
						CreatedOnToolsVersion = 13.1;
					};
				};
			};
			buildConfigurationList = DF0BDEEB27AACE32002CCF07 /* Build configuration list for PBXProject "PhotoPlenka" */;
			compatibilityVersion = "Xcode 13.0";
			developmentRegion = en;
			hasScannedForEncodings = 0;
			knownRegions = (
				en,
				Base,
			);
			mainGroup = DF0BDEE727AACE32002CCF07;
			productRefGroup = DF0BDEF127AACE33002CCF07 /* Products */;
			projectDirPath = "";
			projectRoot = "";
			targets = (
				DF0BDEEF27AACE33002CCF07 /* PhotoPlenka */,
			);
		};
/* End PBXProject section */

/* Begin PBXResourcesBuildPhase section */
		DF0BDEEE27AACE33002CCF07 /* Resources */ = {
			isa = PBXResourcesBuildPhase;
			buildActionMask = 2147483647;
			files = (
				DF0BDF0027AACE38002CCF07 /* LaunchScreen.storyboard in Resources */,
				DF0BDEFD27AACE38002CCF07 /* Assets.xcassets in Resources */,
				DF0BDEFB27AACE33002CCF07 /* Main.storyboard in Resources */,
			);
			runOnlyForDeploymentPostprocessing = 0;
		};
/* End PBXResourcesBuildPhase section */

/* Begin PBXSourcesBuildPhase section */
		DF0BDEEC27AACE33002CCF07 /* Sources */ = {
			isa = PBXSourcesBuildPhase;
			buildActionMask = 2147483647;
			files = (
				DF0BDEF827AACE33002CCF07 /* MapController.swift in Sources */,
				DF2A41E927AC78C700E21BDC /* PhotoAnnotationView.swift in Sources */,
				DF94BCC427ADC697008D3D5C /* Zoom.swift in Sources */,
				DFCF0EF127AAD65F00A0D10B /* NetworkError.swift in Sources */,
				C60B4D2627AEAAC300F2C117 /* BottomSheetTransitionDelegate.swift in Sources */,
				DFCF0EFD27AAE81C00A0D10B /* Cluster.swift in Sources */,
				DFCF0EEB27AAD5CF00A0D10B /* NetworkPhoto.swift in Sources */,
				DFCF0EF827AAE29D00A0D10B /* Direction.swift in Sources */,
				DFCF0EF527AAE16600A0D10B /* Photo.swift in Sources */,
				DFCF0EFB27AAE59100A0D10B /* Color from year.swift in Sources */,
				DF571C8E27AEC1650070C624 /* AnnotationProvider.swift in Sources */,
				DFCF0EF327AAD7CD00A0D10B /* NetworkCluster.swift in Sources */,
				C60B4D2427AEA6BF00F2C117 /* DetailAnnotationViewController.swift in Sources */,
				DFCF0EED27AAD5EA00A0D10B /* Request.swift in Sources */,
				DF0BDEF427AACE33002CCF07 /* AppDelegate.swift in Sources */,
				DFCF0EEF27AAD61600A0D10B /* NetworkService.swift in Sources */,
				DF2A41EB27AC7A9000E21BDC /* ClusterAnnotationView.swift in Sources */,
				DF0BDEF627AACE33002CCF07 /* SceneDelegate.swift in Sources */,
				C60B4D2827AEAB3200F2C117 /* BottomSheetPresentationController.swift in Sources */,
			);
			runOnlyForDeploymentPostprocessing = 0;
		};
/* End PBXSourcesBuildPhase section */

/* Begin PBXVariantGroup section */
		DF0BDEF927AACE33002CCF07 /* Main.storyboard */ = {
			isa = PBXVariantGroup;
			children = (
				DF0BDEFA27AACE33002CCF07 /* Base */,
			);
			name = Main.storyboard;
			sourceTree = "<group>";
		};
		DF0BDEFE27AACE38002CCF07 /* LaunchScreen.storyboard */ = {
			isa = PBXVariantGroup;
			children = (
				DF0BDEFF27AACE38002CCF07 /* Base */,
			);
			name = LaunchScreen.storyboard;
			sourceTree = "<group>";
		};
/* End PBXVariantGroup section */

/* Begin XCBuildConfiguration section */
		DF0BDF0227AACE38002CCF07 /* Debug */ = {
			isa = XCBuildConfiguration;
			buildSettings = {
				ALWAYS_SEARCH_USER_PATHS = NO;
				CLANG_ANALYZER_NONNULL = YES;
				CLANG_ANALYZER_NUMBER_OBJECT_CONVERSION = YES_AGGRESSIVE;
				CLANG_CXX_LANGUAGE_STANDARD = "gnu++17";
				CLANG_CXX_LIBRARY = "libc++";
				CLANG_ENABLE_MODULES = YES;
				CLANG_ENABLE_OBJC_ARC = YES;
				CLANG_ENABLE_OBJC_WEAK = YES;
				CLANG_WARN_BLOCK_CAPTURE_AUTORELEASING = YES;
				CLANG_WARN_BOOL_CONVERSION = YES;
				CLANG_WARN_COMMA = YES;
				CLANG_WARN_CONSTANT_CONVERSION = YES;
				CLANG_WARN_DEPRECATED_OBJC_IMPLEMENTATIONS = YES;
				CLANG_WARN_DIRECT_OBJC_ISA_USAGE = YES_ERROR;
				CLANG_WARN_DOCUMENTATION_COMMENTS = YES;
				CLANG_WARN_EMPTY_BODY = YES;
				CLANG_WARN_ENUM_CONVERSION = YES;
				CLANG_WARN_INFINITE_RECURSION = YES;
				CLANG_WARN_INT_CONVERSION = YES;
				CLANG_WARN_NON_LITERAL_NULL_CONVERSION = YES;
				CLANG_WARN_OBJC_IMPLICIT_RETAIN_SELF = YES;
				CLANG_WARN_OBJC_LITERAL_CONVERSION = YES;
				CLANG_WARN_OBJC_ROOT_CLASS = YES_ERROR;
				CLANG_WARN_QUOTED_INCLUDE_IN_FRAMEWORK_HEADER = YES;
				CLANG_WARN_RANGE_LOOP_ANALYSIS = YES;
				CLANG_WARN_STRICT_PROTOTYPES = YES;
				CLANG_WARN_SUSPICIOUS_MOVE = YES;
				CLANG_WARN_UNGUARDED_AVAILABILITY = YES_AGGRESSIVE;
				CLANG_WARN_UNREACHABLE_CODE = YES;
				CLANG_WARN__DUPLICATE_METHOD_MATCH = YES;
				COPY_PHASE_STRIP = NO;
				DEBUG_INFORMATION_FORMAT = dwarf;
				ENABLE_STRICT_OBJC_MSGSEND = YES;
				ENABLE_TESTABILITY = YES;
				GCC_C_LANGUAGE_STANDARD = gnu11;
				GCC_DYNAMIC_NO_PIC = NO;
				GCC_NO_COMMON_BLOCKS = YES;
				GCC_OPTIMIZATION_LEVEL = 0;
				GCC_PREPROCESSOR_DEFINITIONS = (
					"DEBUG=1",
					"$(inherited)",
				);
				GCC_WARN_64_TO_32_BIT_CONVERSION = YES;
				GCC_WARN_ABOUT_RETURN_TYPE = YES_ERROR;
				GCC_WARN_UNDECLARED_SELECTOR = YES;
				GCC_WARN_UNINITIALIZED_AUTOS = YES_AGGRESSIVE;
				GCC_WARN_UNUSED_FUNCTION = YES;
				GCC_WARN_UNUSED_VARIABLE = YES;
				IPHONEOS_DEPLOYMENT_TARGET = 15.0;
				MTL_ENABLE_DEBUG_INFO = INCLUDE_SOURCE;
				MTL_FAST_MATH = YES;
				ONLY_ACTIVE_ARCH = YES;
				SDKROOT = iphoneos;
				SWIFT_ACTIVE_COMPILATION_CONDITIONS = DEBUG;
				SWIFT_OPTIMIZATION_LEVEL = "-Onone";
			};
			name = Debug;
		};
		DF0BDF0327AACE38002CCF07 /* Release */ = {
			isa = XCBuildConfiguration;
			buildSettings = {
				ALWAYS_SEARCH_USER_PATHS = NO;
				CLANG_ANALYZER_NONNULL = YES;
				CLANG_ANALYZER_NUMBER_OBJECT_CONVERSION = YES_AGGRESSIVE;
				CLANG_CXX_LANGUAGE_STANDARD = "gnu++17";
				CLANG_CXX_LIBRARY = "libc++";
				CLANG_ENABLE_MODULES = YES;
				CLANG_ENABLE_OBJC_ARC = YES;
				CLANG_ENABLE_OBJC_WEAK = YES;
				CLANG_WARN_BLOCK_CAPTURE_AUTORELEASING = YES;
				CLANG_WARN_BOOL_CONVERSION = YES;
				CLANG_WARN_COMMA = YES;
				CLANG_WARN_CONSTANT_CONVERSION = YES;
				CLANG_WARN_DEPRECATED_OBJC_IMPLEMENTATIONS = YES;
				CLANG_WARN_DIRECT_OBJC_ISA_USAGE = YES_ERROR;
				CLANG_WARN_DOCUMENTATION_COMMENTS = YES;
				CLANG_WARN_EMPTY_BODY = YES;
				CLANG_WARN_ENUM_CONVERSION = YES;
				CLANG_WARN_INFINITE_RECURSION = YES;
				CLANG_WARN_INT_CONVERSION = YES;
				CLANG_WARN_NON_LITERAL_NULL_CONVERSION = YES;
				CLANG_WARN_OBJC_IMPLICIT_RETAIN_SELF = YES;
				CLANG_WARN_OBJC_LITERAL_CONVERSION = YES;
				CLANG_WARN_OBJC_ROOT_CLASS = YES_ERROR;
				CLANG_WARN_QUOTED_INCLUDE_IN_FRAMEWORK_HEADER = YES;
				CLANG_WARN_RANGE_LOOP_ANALYSIS = YES;
				CLANG_WARN_STRICT_PROTOTYPES = YES;
				CLANG_WARN_SUSPICIOUS_MOVE = YES;
				CLANG_WARN_UNGUARDED_AVAILABILITY = YES_AGGRESSIVE;
				CLANG_WARN_UNREACHABLE_CODE = YES;
				CLANG_WARN__DUPLICATE_METHOD_MATCH = YES;
				COPY_PHASE_STRIP = NO;
				DEBUG_INFORMATION_FORMAT = "dwarf-with-dsym";
				ENABLE_NS_ASSERTIONS = NO;
				ENABLE_STRICT_OBJC_MSGSEND = YES;
				GCC_C_LANGUAGE_STANDARD = gnu11;
				GCC_NO_COMMON_BLOCKS = YES;
				GCC_WARN_64_TO_32_BIT_CONVERSION = YES;
				GCC_WARN_ABOUT_RETURN_TYPE = YES_ERROR;
				GCC_WARN_UNDECLARED_SELECTOR = YES;
				GCC_WARN_UNINITIALIZED_AUTOS = YES_AGGRESSIVE;
				GCC_WARN_UNUSED_FUNCTION = YES;
				GCC_WARN_UNUSED_VARIABLE = YES;
				IPHONEOS_DEPLOYMENT_TARGET = 15.0;
				MTL_ENABLE_DEBUG_INFO = NO;
				MTL_FAST_MATH = YES;
				SDKROOT = iphoneos;
				SWIFT_COMPILATION_MODE = wholemodule;
				SWIFT_OPTIMIZATION_LEVEL = "-O";
				VALIDATE_PRODUCT = YES;
			};
			name = Release;
		};
		DF0BDF0527AACE38002CCF07 /* Debug */ = {
			isa = XCBuildConfiguration;
			buildSettings = {
				ASSETCATALOG_COMPILER_APPICON_NAME = AppIcon;
				ASSETCATALOG_COMPILER_GLOBAL_ACCENT_COLOR_NAME = AccentColor;
				CODE_SIGN_STYLE = Automatic;
				CURRENT_PROJECT_VERSION = 1;
				DEVELOPMENT_TEAM = 8QYNB4U6BR;
				GENERATE_INFOPLIST_FILE = YES;
				INFOPLIST_FILE = PhotoPlenka/Info.plist;
				INFOPLIST_KEY_UIApplicationSupportsIndirectInputEvents = YES;
				INFOPLIST_KEY_UILaunchStoryboardName = LaunchScreen;
				INFOPLIST_KEY_UIMainStoryboardFile = Main;
				INFOPLIST_KEY_UISupportedInterfaceOrientations_iPad = "UIInterfaceOrientationPortrait UIInterfaceOrientationPortraitUpsideDown UIInterfaceOrientationLandscapeLeft UIInterfaceOrientationLandscapeRight";
				INFOPLIST_KEY_UISupportedInterfaceOrientations_iPhone = "UIInterfaceOrientationPortrait UIInterfaceOrientationLandscapeLeft UIInterfaceOrientationLandscapeRight";
				LD_RUNPATH_SEARCH_PATHS = (
					"$(inherited)",
					"@executable_path/Frameworks",
				);
				MARKETING_VERSION = 1.0;
				PRODUCT_BUNDLE_IDENTIFIER = alexxingplus.PhotoPlenka;
				PRODUCT_NAME = "$(TARGET_NAME)";
				SWIFT_EMIT_LOC_STRINGS = YES;
				SWIFT_VERSION = 5.0;
				TARGETED_DEVICE_FAMILY = "1,2";
			};
			name = Debug;
		};
		DF0BDF0627AACE38002CCF07 /* Release */ = {
			isa = XCBuildConfiguration;
			buildSettings = {
				ASSETCATALOG_COMPILER_APPICON_NAME = AppIcon;
				ASSETCATALOG_COMPILER_GLOBAL_ACCENT_COLOR_NAME = AccentColor;
				CODE_SIGN_STYLE = Automatic;
				CURRENT_PROJECT_VERSION = 1;
				DEVELOPMENT_TEAM = 8QYNB4U6BR;
				GENERATE_INFOPLIST_FILE = YES;
				INFOPLIST_FILE = PhotoPlenka/Info.plist;
				INFOPLIST_KEY_UIApplicationSupportsIndirectInputEvents = YES;
				INFOPLIST_KEY_UILaunchStoryboardName = LaunchScreen;
				INFOPLIST_KEY_UIMainStoryboardFile = Main;
				INFOPLIST_KEY_UISupportedInterfaceOrientations_iPad = "UIInterfaceOrientationPortrait UIInterfaceOrientationPortraitUpsideDown UIInterfaceOrientationLandscapeLeft UIInterfaceOrientationLandscapeRight";
				INFOPLIST_KEY_UISupportedInterfaceOrientations_iPhone = "UIInterfaceOrientationPortrait UIInterfaceOrientationLandscapeLeft UIInterfaceOrientationLandscapeRight";
				LD_RUNPATH_SEARCH_PATHS = (
					"$(inherited)",
					"@executable_path/Frameworks",
				);
				MARKETING_VERSION = 1.0;
				PRODUCT_BUNDLE_IDENTIFIER = alexxingplus.PhotoPlenka;
				PRODUCT_NAME = "$(TARGET_NAME)";
				SWIFT_EMIT_LOC_STRINGS = YES;
				SWIFT_VERSION = 5.0;
				TARGETED_DEVICE_FAMILY = "1,2";
			};
			name = Release;
		};
/* End XCBuildConfiguration section */

/* Begin XCConfigurationList section */
		DF0BDEEB27AACE32002CCF07 /* Build configuration list for PBXProject "PhotoPlenka" */ = {
			isa = XCConfigurationList;
			buildConfigurations = (
				DF0BDF0227AACE38002CCF07 /* Debug */,
				DF0BDF0327AACE38002CCF07 /* Release */,
			);
			defaultConfigurationIsVisible = 0;
			defaultConfigurationName = Release;
		};
		DF0BDF0427AACE38002CCF07 /* Build configuration list for PBXNativeTarget "PhotoPlenka" */ = {
			isa = XCConfigurationList;
			buildConfigurations = (
				DF0BDF0527AACE38002CCF07 /* Debug */,
				DF0BDF0627AACE38002CCF07 /* Release */,
			);
			defaultConfigurationIsVisible = 0;
			defaultConfigurationName = Release;
		};
/* End XCConfigurationList section */
	};
	rootObject = DF0BDEE827AACE32002CCF07 /* Project object */;
}
